
Microsoft Visual Studio Solution File, Format Version 12.00
# Visual Studio 15
VisualStudioVersion = 15.0.27428.2015
MinimumVisualStudioVersion = 10.0.40219.1
Project("{888888A0-9F3D-457C-B088-3A5042F75D52}") = "Deployment", "Deployment\Deployment.pyproj", "{DCA3FF9B-4D6A-4DF3-89FE-8CB1B158F49F}"
EndProject
Global
	GlobalSection(SolutionConfigurationPlatforms) = preSolution
		Debug|Any CPU = Debug|Any CPU
		Release|Any CPU = Release|Any CPU
	EndGlobalSection
	GlobalSection(ProjectConfigurationPlatforms) = postSolution
		{DCA3FF9B-4D6A-4DF3-89FE-8CB1B158F49F}.Debug|Any CPU.ActiveCfg = Debug|Any CPU
		{DCA3FF9B-4D6A-4DF3-89FE-8CB1B158F49F}.Release|Any CPU.ActiveCfg = Release|Any CPU
	EndGlobalSection
	GlobalSection(SolutionProperties) = preSolution
		HideSolutionNode = FALSE
	EndGlobalSection
	GlobalSection(ExtensibilityGlobals) = postSolution
		SolutionGuid = {830E81E8-8958-4D9A-BF0B-704032AA0CDE}
	EndGlobalSection
EndGlobal
